
Microsoft Visual Studio Solution File, Format Version 12.00
# Visual Studio Version 16
VisualStudioVersion = 16.0.31205.134
MinimumVisualStudioVersion = 10.0.40219.1
Project("{9A19103F-16F7-4668-BE54-9A1E7A4F7556}") = "FirstApp", "FirstApp\FirstApp.csproj", "{6E1C0DD9-7FD3-4572-8E93-E9E53DCAF72D}"
EndProject
Project("{FAE04EC0-301F-11D3-BF4B-00C04F79EFBC}") = "ContosoUniversity", "ContosoUniversity\ContosoUniversity.csproj", "{16BAA4BE-4B7F-48DE-97AE-087BBCC9D317}"
EndProject
Global
	GlobalSection(SolutionConfigurationPlatforms) = preSolution
		Debug|Any CPU = Debug|Any CPU
		Release|Any CPU = Release|Any CPU
	EndGlobalSection
	GlobalSection(ProjectConfigurationPlatforms) = postSolution
		{6E1C0DD9-7FD3-4572-8E93-E9E53DCAF72D}.Debug|Any CPU.ActiveCfg = Debug|Any CPU
		{6E1C0DD9-7FD3-4572-8E93-E9E53DCAF72D}.Debug|Any CPU.Build.0 = Debug|Any CPU
		{6E1C0DD9-7FD3-4572-8E93-E9E53DCAF72D}.Release|Any CPU.ActiveCfg = Release|Any CPU
		{6E1C0DD9-7FD3-4572-8E93-E9E53DCAF72D}.Release|Any CPU.Build.0 = Release|Any CPU
		{16BAA4BE-4B7F-48DE-97AE-087BBCC9D317}.Debug|Any CPU.ActiveCfg = Debug|Any CPU
		{16BAA4BE-4B7F-48DE-97AE-087BBCC9D317}.Debug|Any CPU.Build.0 = Debug|Any CPU
		{16BAA4BE-4B7F-48DE-97AE-087BBCC9D317}.Release|Any CPU.ActiveCfg = Release|Any CPU
		{16BAA4BE-4B7F-48DE-97AE-087BBCC9D317}.Release|Any CPU.Build.0 = Release|Any CPU
	EndGlobalSection
	GlobalSection(SolutionProperties) = preSolution
		HideSolutionNode = FALSE
	EndGlobalSection
	GlobalSection(ExtensibilityGlobals) = postSolution
		SolutionGuid = {B03EEB8E-22F3-4675-A291-F8B2564F0769}
	EndGlobalSection
EndGlobal
